
Microsoft Visual Studio Solution File, Format Version 12.00
# Visual Studio Version 17
VisualStudioVersion = 17.10.35122.118
MinimumVisualStudioVersion = 10.0.40219.1
Project("{9A19103F-16F7-4668-BE54-9A1E7A4F7556}") = "ObjectEditor.Demo", "ObjectEditor.Demo\ObjectEditor.Demo.csproj", "{A7939EA6-B19B-4779-B620-F7D5D625BEEB}"
EndProject
Project("{9A19103F-16F7-4668-BE54-9A1E7A4F7556}") = "ObjectEditor.WinForms", "ObjectEditor.WinForms\ObjectEditor.WinForms.csproj", "{EEF3836A-F680-44D1-BC13-2397CDE90326}"
EndProject
Project("{9A19103F-16F7-4668-BE54-9A1E7A4F7556}") = "ObjectEditor.Tests", "ObjectEditor.Tests\ObjectEditor.Tests.csproj", "{9147F81D-AA08-4367-AC9E-23FA10985CBF}"
EndProject
Project("{9A19103F-16F7-4668-BE54-9A1E7A4F7556}") = "ObjectEditor", "ObjectEditor\ObjectEditor.csproj", "{DA1B70ED-E6FC-49E8-B0E3-C2A5FB25665B}"
EndProject
Project("{FAE04EC0-301F-11D3-BF4B-00C04F79EFBC}") = "DemoCommerceDbApp", "DemoCommerceDbApp\DemoCommerceDbApp.csproj", "{6C95E872-09BF-46A3-8D8E-3AEF56748992}"
EndProject
Global
	GlobalSection(SolutionConfigurationPlatforms) = preSolution
		Debug|Any CPU = Debug|Any CPU
		Release|Any CPU = Release|Any CPU
	EndGlobalSection
	GlobalSection(ProjectConfigurationPlatforms) = postSolution
		{A7939EA6-B19B-4779-B620-F7D5D625BEEB}.Debug|Any CPU.ActiveCfg = Debug|Any CPU
		{A7939EA6-B19B-4779-B620-F7D5D625BEEB}.Debug|Any CPU.Build.0 = Debug|Any CPU
		{A7939EA6-B19B-4779-B620-F7D5D625BEEB}.Release|Any CPU.ActiveCfg = Release|Any CPU
		{A7939EA6-B19B-4779-B620-F7D5D625BEEB}.Release|Any CPU.Build.0 = Release|Any CPU
		{EEF3836A-F680-44D1-BC13-2397CDE90326}.Debug|Any CPU.ActiveCfg = Debug|Any CPU
		{EEF3836A-F680-44D1-BC13-2397CDE90326}.Debug|Any CPU.Build.0 = Debug|Any CPU
		{EEF3836A-F680-44D1-BC13-2397CDE90326}.Release|Any CPU.ActiveCfg = Release|Any CPU
		{EEF3836A-F680-44D1-BC13-2397CDE90326}.Release|Any CPU.Build.0 = Release|Any CPU
		{9147F81D-AA08-4367-AC9E-23FA10985CBF}.Debug|Any CPU.ActiveCfg = Debug|Any CPU
		{9147F81D-AA08-4367-AC9E-23FA10985CBF}.Debug|Any CPU.Build.0 = Debug|Any CPU
		{9147F81D-AA08-4367-AC9E-23FA10985CBF}.Release|Any CPU.ActiveCfg = Release|Any CPU
		{9147F81D-AA08-4367-AC9E-23FA10985CBF}.Release|Any CPU.Build.0 = Release|Any CPU
		{DA1B70ED-E6FC-49E8-B0E3-C2A5FB25665B}.Debug|Any CPU.ActiveCfg = Debug|Any CPU
		{DA1B70ED-E6FC-49E8-B0E3-C2A5FB25665B}.Debug|Any CPU.Build.0 = Debug|Any CPU
		{DA1B70ED-E6FC-49E8-B0E3-C2A5FB25665B}.Release|Any CPU.ActiveCfg = Release|Any CPU
		{DA1B70ED-E6FC-49E8-B0E3-C2A5FB25665B}.Release|Any CPU.Build.0 = Release|Any CPU
		{6C95E872-09BF-46A3-8D8E-3AEF56748992}.Debug|Any CPU.ActiveCfg = Debug|Any CPU
		{6C95E872-09BF-46A3-8D8E-3AEF56748992}.Debug|Any CPU.Build.0 = Debug|Any CPU
		{6C95E872-09BF-46A3-8D8E-3AEF56748992}.Release|Any CPU.ActiveCfg = Release|Any CPU
		{6C95E872-09BF-46A3-8D8E-3AEF56748992}.Release|Any CPU.Build.0 = Release|Any CPU
	EndGlobalSection
	GlobalSection(SolutionProperties) = preSolution
		HideSolutionNode = FALSE
	EndGlobalSection
	GlobalSection(ExtensibilityGlobals) = postSolution
		SolutionGuid = {300A1264-7035-45F9-ACF9-73564523F6AB}
	EndGlobalSection
EndGlobal
